
Microsoft Visual Studio Solution File, Format Version 12.00
# Visual Studio Version 16
VisualStudioVersion = 16.0.31019.35
MinimumVisualStudioVersion = 10.0.40219.1
Project("{FAE04EC0-301F-11D3-BF4B-00C04F79EFBC}") = "Projeto Locação", "Projeto Locação\Projeto Locação.csproj", "{DFB36D6D-6974-4318-A09A-6D176518BA0A}"
EndProject
Global
	GlobalSection(SolutionConfigurationPlatforms) = preSolution
		Debug|Any CPU = Debug|Any CPU
		Release|Any CPU = Release|Any CPU
	EndGlobalSection
	GlobalSection(ProjectConfigurationPlatforms) = postSolution
		{DFB36D6D-6974-4318-A09A-6D176518BA0A}.Debug|Any CPU.ActiveCfg = Debug|Any CPU
		{DFB36D6D-6974-4318-A09A-6D176518BA0A}.Debug|Any CPU.Build.0 = Debug|Any CPU
		{DFB36D6D-6974-4318-A09A-6D176518BA0A}.Release|Any CPU.ActiveCfg = Release|Any CPU
		{DFB36D6D-6974-4318-A09A-6D176518BA0A}.Release|Any CPU.Build.0 = Release|Any CPU
	EndGlobalSection
	GlobalSection(SolutionProperties) = preSolution
		HideSolutionNode = FALSE
	EndGlobalSection
	GlobalSection(ExtensibilityGlobals) = postSolution
		SolutionGuid = {CC3BC3D8-82EE-42FF-BD59-F414ED7847EF}
	EndGlobalSection
EndGlobal
