
Microsoft Visual Studio Solution File, Format Version 12.00
# Visual Studio Version 16
VisualStudioVersion = 16.0.31019.35
MinimumVisualStudioVersion = 10.0.40219.1
Project("{FAE04EC0-301F-11D3-BF4B-00C04F79EFBC}") = "ProjetoEmpresa", "ProjetoEmpresa\ProjetoEmpresa.csproj", "{3413BB05-D48A-4719-A692-61ECFCF9C6A2}"
EndProject
Global
	GlobalSection(SolutionConfigurationPlatforms) = preSolution
		Debug|Any CPU = Debug|Any CPU
		Release|Any CPU = Release|Any CPU
	EndGlobalSection
	GlobalSection(ProjectConfigurationPlatforms) = postSolution
		{3413BB05-D48A-4719-A692-61ECFCF9C6A2}.Debug|Any CPU.ActiveCfg = Debug|Any CPU
		{3413BB05-D48A-4719-A692-61ECFCF9C6A2}.Debug|Any CPU.Build.0 = Debug|Any CPU
		{3413BB05-D48A-4719-A692-61ECFCF9C6A2}.Release|Any CPU.ActiveCfg = Release|Any CPU
		{3413BB05-D48A-4719-A692-61ECFCF9C6A2}.Release|Any CPU.Build.0 = Release|Any CPU
	EndGlobalSection
	GlobalSection(SolutionProperties) = preSolution
		HideSolutionNode = FALSE
	EndGlobalSection
	GlobalSection(ExtensibilityGlobals) = postSolution
		SolutionGuid = {A30BFD80-3A93-40BC-83CD-FB2BD294F396}
	EndGlobalSection
EndGlobal
